// !$*UTF8*$!
{
	archiveVersion = 1;
	classes = {
	};
	objectVersion = 56;
	objects = {

/* Begin PBXBuildFile section */
		A561AAA82C39F7A200675ACF /* main.cpp in Sources */ = {isa = PBXBuildFile; fileRef = A561AAA72C39F7A200675ACF /* main.cpp */; };
		A58F01232C3AA1EE00C6F39F /* Test.cpp in Sources */ = {isa = PBXBuildFile; fileRef = A58F01212C3AA1EE00C6F39F /* Test.cpp */; };
/* End PBXBuildFile section */

/* Begin PBXCopyFilesBuildPhase section */
		A561AAA22C39F7A200675ACF /* CopyFiles */ = {
			isa = PBXCopyFilesBuildPhase;
			buildActionMask = 2147483647;
			dstPath = /usr/share/man/man1/;
			dstSubfolderSpec = 0;
			files = (
			);
			runOnlyForDeploymentPostprocessing = 1;
		};
/* End PBXCopyFilesBuildPhase section */

/* Begin PBXFileReference section */
		A561AAA42C39F7A200675ACF /* dsa-study */ = {isa = PBXFileReference; explicitFileType = "compiled.mach-o.executable"; includeInIndex = 0; path = "dsa-study"; sourceTree = BUILT_PRODUCTS_DIR; };
		A561AAA72C39F7A200675ACF /* main.cpp */ = {isa = PBXFileReference; lastKnownFileType = sourcecode.cpp.cpp; path = main.cpp; sourceTree = "<group>"; };
		A58F01212C3AA1EE00C6F39F /* Test.cpp */ = {isa = PBXFileReference; lastKnownFileType = sourcecode.cpp.cpp; path = Test.cpp; sourceTree = "<group>"; };
		A58F01222C3AA1EE00C6F39F /* Test.hpp */ = {isa = PBXFileReference; lastKnownFileType = sourcecode.cpp.h; path = Test.hpp; sourceTree = "<group>"; };
		A58F01282C3AA43200C6F39F /* Array.hpp */ = {isa = PBXFileReference; lastKnownFileType = sourcecode.cpp.h; path = Array.hpp; sourceTree = "<group>"; };
		A5BCD4BA2C455AFA00FBFAE4 /* DoublyLinkedList.hpp */ = {isa = PBXFileReference; lastKnownFileType = sourcecode.cpp.h; path = DoublyLinkedList.hpp; sourceTree = "<group>"; };
		A5BCD4BE2C4902AA00FBFAE4 /* Stack.hpp */ = {isa = PBXFileReference; lastKnownFileType = sourcecode.cpp.h; path = Stack.hpp; sourceTree = "<group>"; };
/* End PBXFileReference section */

/* Begin PBXFrameworksBuildPhase section */
		A561AAA12C39F7A200675ACF /* Frameworks */ = {
			isa = PBXFrameworksBuildPhase;
			buildActionMask = 2147483647;
			files = (
			);
			runOnlyForDeploymentPostprocessing = 0;
		};
/* End PBXFrameworksBuildPhase section */

/* Begin PBXGroup section */
		A561AA9B2C39F7A200675ACF = {
			isa = PBXGroup;
			children = (
				A561AAA62C39F7A200675ACF /* dsa-study */,
				A561AAA52C39F7A200675ACF /* Products */,
			);
			sourceTree = "<group>";
		};
		A561AAA52C39F7A200675ACF /* Products */ = {
			isa = PBXGroup;
			children = (
				A561AAA42C39F7A200675ACF /* dsa-study */,
			);
			name = Products;
			sourceTree = "<group>";
		};
		A561AAA62C39F7A200675ACF /* dsa-study */ = {
			isa = PBXGroup;
			children = (
				A561AAA72C39F7A200675ACF /* main.cpp */,
				A58F011C2C3AA1BA00C6F39F /* classes */,
			);
			path = "dsa-study";
			sourceTree = "<group>";
		};
		A58F011C2C3AA1BA00C6F39F /* classes */ = {
			isa = PBXGroup;
			children = (
				A5BCD4BC2C49029B00FBFAE4 /* Stack */,
				A5BCD4B82C455ACE00FBFAE4 /* DoublyLinkedList */,
				A58F01262C3AA41A00C6F39F /* Array */,
				A58F01252C3AA41000C6F39F /* Test */,
			);
			path = classes;
			sourceTree = "<group>";
		};
		A58F01252C3AA41000C6F39F /* Test */ = {
			isa = PBXGroup;
			children = (
				A58F01212C3AA1EE00C6F39F /* Test.cpp */,
				A58F01222C3AA1EE00C6F39F /* Test.hpp */,
			);
			name = Test;
			sourceTree = "<group>";
		};
		A58F01262C3AA41A00C6F39F /* Array */ = {
			isa = PBXGroup;
			children = (
				A58F01282C3AA43200C6F39F /* Array.hpp */,
			);
			name = Array;
			sourceTree = "<group>";
		};
		A5BCD4B82C455ACE00FBFAE4 /* DoublyLinkedList */ = {
			isa = PBXGroup;
			children = (
				A5BCD4BA2C455AFA00FBFAE4 /* DoublyLinkedList.hpp */,
			);
			name = DoublyLinkedList;
			sourceTree = "<group>";
		};
		A5BCD4BC2C49029B00FBFAE4 /* Stack */ = {
			isa = PBXGroup;
			children = (
				A5BCD4BE2C4902AA00FBFAE4 /* Stack.hpp */,
			);
			name = Stack;
			sourceTree = "<group>";
		};
/* End PBXGroup section */

/* Begin PBXNativeTarget section */
		A561AAA32C39F7A200675ACF /* dsa-study */ = {
			isa = PBXNativeTarget;
			buildConfigurationList = A561AAAB2C39F7A200675ACF /* Build configuration list for PBXNativeTarget "dsa-study" */;
			buildPhases = (
				A561AAA02C39F7A200675ACF /* Sources */,
				A561AAA12C39F7A200675ACF /* Frameworks */,
				A561AAA22C39F7A200675ACF /* CopyFiles */,
			);
			buildRules = (
			);
			dependencies = (
			);
			name = "dsa-study";
			productName = "dsa-study";
			productReference = A561AAA42C39F7A200675ACF /* dsa-study */;
			productType = "com.apple.product-type.tool";
		};
/* End PBXNativeTarget section */

/* Begin PBXProject section */
		A561AA9C2C39F7A200675ACF /* Project object */ = {
			isa = PBXProject;
			attributes = {
				BuildIndependentTargetsInParallel = 1;
				LastUpgradeCheck = 1540;
				TargetAttributes = {
					A561AAA32C39F7A200675ACF = {
						CreatedOnToolsVersion = 15.4;
					};
				};
			};
			buildConfigurationList = A561AA9F2C39F7A200675ACF /* Build configuration list for PBXProject "dsa-study" */;
			compatibilityVersion = "Xcode 14.0";
			developmentRegion = en;
			hasScannedForEncodings = 0;
			knownRegions = (
				en,
				Base,
			);
			mainGroup = A561AA9B2C39F7A200675ACF;
			productRefGroup = A561AAA52C39F7A200675ACF /* Products */;
			projectDirPath = "";
			projectRoot = "";
			targets = (
				A561AAA32C39F7A200675ACF /* dsa-study */,
			);
		};
/* End PBXProject section */

/* Begin PBXSourcesBuildPhase section */
		A561AAA02C39F7A200675ACF /* Sources */ = {
			isa = PBXSourcesBuildPhase;
			buildActionMask = 2147483647;
			files = (
				A58F01232C3AA1EE00C6F39F /* Test.cpp in Sources */,
				A561AAA82C39F7A200675ACF /* main.cpp in Sources */,
			);
			runOnlyForDeploymentPostprocessing = 0;
		};
/* End PBXSourcesBuildPhase section */

/* Begin XCBuildConfiguration section */
		A561AAA92C39F7A200675ACF /* Debug */ = {
			isa = XCBuildConfiguration;
			buildSettings = {
				ALWAYS_SEARCH_USER_PATHS = NO;
				ASSETCATALOG_COMPILER_GENERATE_SWIFT_ASSET_SYMBOL_EXTENSIONS = YES;
				CLANG_ANALYZER_NONNULL = YES;
				CLANG_ANALYZER_NUMBER_OBJECT_CONVERSION = YES_AGGRESSIVE;
				CLANG_CXX_LANGUAGE_STANDARD = "gnu++20";
				CLANG_ENABLE_MODULES = YES;
				CLANG_ENABLE_OBJC_ARC = YES;
				CLANG_ENABLE_OBJC_WEAK = YES;
				CLANG_WARN_BLOCK_CAPTURE_AUTORELEASING = YES;
				CLANG_WARN_BOOL_CONVERSION = YES;
				CLANG_WARN_COMMA = YES;
				CLANG_WARN_CONSTANT_CONVERSION = YES;
				CLANG_WARN_DEPRECATED_OBJC_IMPLEMENTATIONS = YES;
				CLANG_WARN_DIRECT_OBJC_ISA_USAGE = YES_ERROR;
				CLANG_WARN_DOCUMENTATION_COMMENTS = YES;
				CLANG_WARN_EMPTY_BODY = YES;
				CLANG_WARN_ENUM_CONVERSION = YES;
				CLANG_WARN_INFINITE_RECURSION = YES;
				CLANG_WARN_INT_CONVERSION = YES;
				CLANG_WARN_NON_LITERAL_NULL_CONVERSION = YES;
				CLANG_WARN_OBJC_IMPLICIT_RETAIN_SELF = YES;
				CLANG_WARN_OBJC_LITERAL_CONVERSION = YES;
				CLANG_WARN_OBJC_ROOT_CLASS = YES_ERROR;
				CLANG_WARN_QUOTED_INCLUDE_IN_FRAMEWORK_HEADER = YES;
				CLANG_WARN_RANGE_LOOP_ANALYSIS = YES;
				CLANG_WARN_STRICT_PROTOTYPES = YES;
				CLANG_WARN_SUSPICIOUS_MOVE = YES;
				CLANG_WARN_UNGUARDED_AVAILABILITY = YES_AGGRESSIVE;
				CLANG_WARN_UNREACHABLE_CODE = YES;
				CLANG_WARN__DUPLICATE_METHOD_MATCH = YES;
				COPY_PHASE_STRIP = NO;
				DEBUG_INFORMATION_FORMAT = dwarf;
				ENABLE_STRICT_OBJC_MSGSEND = YES;
				ENABLE_TESTABILITY = YES;
				ENABLE_USER_SCRIPT_SANDBOXING = YES;
				GCC_C_LANGUAGE_STANDARD = gnu17;
				GCC_DYNAMIC_NO_PIC = NO;
				GCC_NO_COMMON_BLOCKS = YES;
				GCC_OPTIMIZATION_LEVEL = 0;
				GCC_PREPROCESSOR_DEFINITIONS = (
					"DEBUG=1",
					"$(inherited)",
				);
				GCC_WARN_64_TO_32_BIT_CONVERSION = YES;
				GCC_WARN_ABOUT_RETURN_TYPE = YES_ERROR;
				GCC_WARN_UNDECLARED_SELECTOR = YES;
				GCC_WARN_UNINITIALIZED_AUTOS = YES_AGGRESSIVE;
				GCC_WARN_UNUSED_FUNCTION = YES;
				GCC_WARN_UNUSED_VARIABLE = YES;
				LOCALIZATION_PREFERS_STRING_CATALOGS = YES;
				MACOSX_DEPLOYMENT_TARGET = 14.5;
				MTL_ENABLE_DEBUG_INFO = INCLUDE_SOURCE;
				MTL_FAST_MATH = YES;
				ONLY_ACTIVE_ARCH = YES;
				SDKROOT = macosx;
			};
			name = Debug;
		};
		A561AAAA2C39F7A200675ACF /* Release */ = {
			isa = XCBuildConfiguration;
			buildSettings = {
				ALWAYS_SEARCH_USER_PATHS = NO;
				ASSETCATALOG_COMPILER_GENERATE_SWIFT_ASSET_SYMBOL_EXTENSIONS = YES;
				CLANG_ANALYZER_NONNULL = YES;
				CLANG_ANALYZER_NUMBER_OBJECT_CONVERSION = YES_AGGRESSIVE;
				CLANG_CXX_LANGUAGE_STANDARD = "gnu++20";
				CLANG_ENABLE_MODULES = YES;
				CLANG_ENABLE_OBJC_ARC = YES;
				CLANG_ENABLE_OBJC_WEAK = YES;
				CLANG_WARN_BLOCK_CAPTURE_AUTORELEASING = YES;
				CLANG_WARN_BOOL_CONVERSION = YES;
				CLANG_WARN_COMMA = YES;
				CLANG_WARN_CONSTANT_CONVERSION = YES;
				CLANG_WARN_DEPRECATED_OBJC_IMPLEMENTATIONS = YES;
				CLANG_WARN_DIRECT_OBJC_ISA_USAGE = YES_ERROR;
				CLANG_WARN_DOCUMENTATION_COMMENTS = YES;
				CLANG_WARN_EMPTY_BODY = YES;
				CLANG_WARN_ENUM_CONVERSION = YES;
				CLANG_WARN_INFINITE_RECURSION = YES;
				CLANG_WARN_INT_CONVERSION = YES;
				CLANG_WARN_NON_LITERAL_NULL_CONVERSION = YES;
				CLANG_WARN_OBJC_IMPLICIT_RETAIN_SELF = YES;
				CLANG_WARN_OBJC_LITERAL_CONVERSION = YES;
				CLANG_WARN_OBJC_ROOT_CLASS = YES_ERROR;
				CLANG_WARN_QUOTED_INCLUDE_IN_FRAMEWORK_HEADER = YES;
				CLANG_WARN_RANGE_LOOP_ANALYSIS = YES;
				CLANG_WARN_STRICT_PROTOTYPES = YES;
				CLANG_WARN_SUSPICIOUS_MOVE = YES;
				CLANG_WARN_UNGUARDED_AVAILABILITY = YES_AGGRESSIVE;
				CLANG_WARN_UNREACHABLE_CODE = YES;
				CLANG_WARN__DUPLICATE_METHOD_MATCH = YES;
				COPY_PHASE_STRIP = NO;
				DEBUG_INFORMATION_FORMAT = "dwarf-with-dsym";
				ENABLE_NS_ASSERTIONS = NO;
				ENABLE_STRICT_OBJC_MSGSEND = YES;
				ENABLE_USER_SCRIPT_SANDBOXING = YES;
				GCC_C_LANGUAGE_STANDARD = gnu17;
				GCC_NO_COMMON_BLOCKS = YES;
				GCC_WARN_64_TO_32_BIT_CONVERSION = YES;
				GCC_WARN_ABOUT_RETURN_TYPE = YES_ERROR;
				GCC_WARN_UNDECLARED_SELECTOR = YES;
				GCC_WARN_UNINITIALIZED_AUTOS = YES_AGGRESSIVE;
				GCC_WARN_UNUSED_FUNCTION = YES;
				GCC_WARN_UNUSED_VARIABLE = YES;
				LOCALIZATION_PREFERS_STRING_CATALOGS = YES;
				MACOSX_DEPLOYMENT_TARGET = 14.5;
				MTL_ENABLE_DEBUG_INFO = NO;
				MTL_FAST_MATH = YES;
				SDKROOT = macosx;
			};
			name = Release;
		};
		A561AAAC2C39F7A200675ACF /* Debug */ = {
			isa = XCBuildConfiguration;
			buildSettings = {
				CODE_SIGN_STYLE = Automatic;
				PRODUCT_NAME = "$(TARGET_NAME)";
			};
			name = Debug;
		};
		A561AAAD2C39F7A200675ACF /* Release */ = {
			isa = XCBuildConfiguration;
			buildSettings = {
				CODE_SIGN_STYLE = Automatic;
				PRODUCT_NAME = "$(TARGET_NAME)";
			};
			name = Release;
		};
/* End XCBuildConfiguration section */

/* Begin XCConfigurationList section */
		A561AA9F2C39F7A200675ACF /* Build configuration list for PBXProject "dsa-study" */ = {
			isa = XCConfigurationList;
			buildConfigurations = (
				A561AAA92C39F7A200675ACF /* Debug */,
				A561AAAA2C39F7A200675ACF /* Release */,
			);
			defaultConfigurationIsVisible = 0;
			defaultConfigurationName = Release;
		};
		A561AAAB2C39F7A200675ACF /* Build configuration list for PBXNativeTarget "dsa-study" */ = {
			isa = XCConfigurationList;
			buildConfigurations = (
				A561AAAC2C39F7A200675ACF /* Debug */,
				A561AAAD2C39F7A200675ACF /* Release */,
			);
			defaultConfigurationIsVisible = 0;
			defaultConfigurationName = Release;
		};
/* End XCConfigurationList section */
	};
	rootObject = A561AA9C2C39F7A200675ACF /* Project object */;
}
